// !$*UTF8*$!
{
	archiveVersion = 1;
	classes = {
	};
	objectVersion = 48;
	objects = {

/* Begin PBXBuildFile section */
		F362318C1FF3702100FEE758 /* AppDelegate.swift in Sources */ = {isa = PBXBuildFile; fileRef = F362318B1FF3702100FEE758 /* AppDelegate.swift */; };
		F362318E1FF3702100FEE758 /* ViewController.swift in Sources */ = {isa = PBXBuildFile; fileRef = F362318D1FF3702100FEE758 /* ViewController.swift */; };
		F36231911FF3702100FEE758 /* Main.storyboard in Resources */ = {isa = PBXBuildFile; fileRef = F362318F1FF3702100FEE758 /* Main.storyboard */; };
		F36231931FF3702100FEE758 /* Assets.xcassets in Resources */ = {isa = PBXBuildFile; fileRef = F36231921FF3702100FEE758 /* Assets.xcassets */; };
		F36231961FF3702100FEE758 /* LaunchScreen.storyboard in Resources */ = {isa = PBXBuildFile; fileRef = F36231941FF3702100FEE758 /* LaunchScreen.storyboard */; };
		F36231A11FF3702200FEE758 /* tipperTests.swift in Sources */ = {isa = PBXBuildFile; fileRef = F36231A01FF3702200FEE758 /* tipperTests.swift */; };
		F36231AC1FF3702200FEE758 /* tipperUITests.swift in Sources */ = {isa = PBXBuildFile; fileRef = F36231AB1FF3702200FEE758 /* tipperUITests.swift */; };
		F36231BA1FF3F77F00FEE758 /* SettingsViewController.swift in Sources */ = {isa = PBXBuildFile; fileRef = F36231B91FF3F77F00FEE758 /* SettingsViewController.swift */; };
/* End PBXBuildFile section */

/* Begin PBXContainerItemProxy section */
		F362319D1FF3702200FEE758 /* PBXContainerItemProxy */ = {
			isa = PBXContainerItemProxy;
			containerPortal = F36231801FF3702100FEE758 /* Project object */;
			proxyType = 1;
			remoteGlobalIDString = F36231871FF3702100FEE758;
			remoteInfo = tipper;
		};
		F36231A81FF3702200FEE758 /* PBXContainerItemProxy */ = {
			isa = PBXContainerItemProxy;
			containerPortal = F36231801FF3702100FEE758 /* Project object */;
			proxyType = 1;
			remoteGlobalIDString = F36231871FF3702100FEE758;
			remoteInfo = tipper;
		};
/* End PBXContainerItemProxy section */

/* Begin PBXFileReference section */
		F36231881FF3702100FEE758 /* tipper.app */ = {isa = PBXFileReference; explicitFileType = wrapper.application; includeInIndex = 0; path = tipper.app; sourceTree = BUILT_PRODUCTS_DIR; };
		F362318B1FF3702100FEE758 /* AppDelegate.swift */ = {isa = PBXFileReference; lastKnownFileType = sourcecode.swift; path = AppDelegate.swift; sourceTree = "<group>"; };
		F362318D1FF3702100FEE758 /* ViewController.swift */ = {isa = PBXFileReference; lastKnownFileType = sourcecode.swift; path = ViewController.swift; sourceTree = "<group>"; };
		F36231901FF3702100FEE758 /* Base */ = {isa = PBXFileReference; lastKnownFileType = file.storyboard; name = Base; path = Base.lproj/Main.storyboard; sourceTree = "<group>"; };
		F36231921FF3702100FEE758 /* Assets.xcassets */ = {isa = PBXFileReference; lastKnownFileType = folder.assetcatalog; path = Assets.xcassets; sourceTree = "<group>"; };
		F36231951FF3702100FEE758 /* Base */ = {isa = PBXFileReference; lastKnownFileType = file.storyboard; name = Base; path = Base.lproj/LaunchScreen.storyboard; sourceTree = "<group>"; };
		F36231971FF3702100FEE758 /* Info.plist */ = {isa = PBXFileReference; lastKnownFileType = text.plist.xml; path = Info.plist; sourceTree = "<group>"; };
		F362319C1FF3702200FEE758 /* tipperTests.xctest */ = {isa = PBXFileReference; explicitFileType = wrapper.cfbundle; includeInIndex = 0; path = tipperTests.xctest; sourceTree = BUILT_PRODUCTS_DIR; };
		F36231A01FF3702200FEE758 /* tipperTests.swift */ = {isa = PBXFileReference; lastKnownFileType = sourcecode.swift; path = tipperTests.swift; sourceTree = "<group>"; };
		F36231A21FF3702200FEE758 /* Info.plist */ = {isa = PBXFileReference; lastKnownFileType = text.plist.xml; path = Info.plist; sourceTree = "<group>"; };
		F36231A71FF3702200FEE758 /* tipperUITests.xctest */ = {isa = PBXFileReference; explicitFileType = wrapper.cfbundle; includeInIndex = 0; path = tipperUITests.xctest; sourceTree = BUILT_PRODUCTS_DIR; };
		F36231AB1FF3702200FEE758 /* tipperUITests.swift */ = {isa = PBXFileReference; lastKnownFileType = sourcecode.swift; path = tipperUITests.swift; sourceTree = "<group>"; };
		F36231AD1FF3702200FEE758 /* Info.plist */ = {isa = PBXFileReference; lastKnownFileType = text.plist.xml; path = Info.plist; sourceTree = "<group>"; };
		F36231B91FF3F77F00FEE758 /* SettingsViewController.swift */ = {isa = PBXFileReference; lastKnownFileType = sourcecode.swift; path = SettingsViewController.swift; sourceTree = "<group>"; };
/* End PBXFileReference section */

/* Begin PBXFrameworksBuildPhase section */
		F36231851FF3702100FEE758 /* Frameworks */ = {
			isa = PBXFrameworksBuildPhase;
			buildActionMask = 2147483647;
			files = (
			);
			runOnlyForDeploymentPostprocessing = 0;
		};
		F36231991FF3702200FEE758 /* Frameworks */ = {
			isa = PBXFrameworksBuildPhase;
			buildActionMask = 2147483647;
			files = (
			);
			runOnlyForDeploymentPostprocessing = 0;
		};
		F36231A41FF3702200FEE758 /* Frameworks */ = {
			isa = PBXFrameworksBuildPhase;
			buildActionMask = 2147483647;
			files = (
			);
			runOnlyForDeploymentPostprocessing = 0;
		};
/* End PBXFrameworksBuildPhase section */

/* Begin PBXGroup section */
		F362317F1FF3702100FEE758 = {
			isa = PBXGroup;
			children = (
				F362318A1FF3702100FEE758 /* tipper */,
				F362319F1FF3702200FEE758 /* tipperTests */,
				F36231AA1FF3702200FEE758 /* tipperUITests */,
				F36231891FF3702100FEE758 /* Products */,
			);
			sourceTree = "<group>";
		};
		F36231891FF3702100FEE758 /* Products */ = {
			isa = PBXGroup;
			children = (
				F36231881FF3702100FEE758 /* tipper.app */,
				F362319C1FF3702200FEE758 /* tipperTests.xctest */,
				F36231A71FF3702200FEE758 /* tipperUITests.xctest */,
			);
			name = Products;
			sourceTree = "<group>";
		};
		F362318A1FF3702100FEE758 /* tipper */ = {
			isa = PBXGroup;
			children = (
				F36231B91FF3F77F00FEE758 /* SettingsViewController.swift */,
				F362318B1FF3702100FEE758 /* AppDelegate.swift */,
				F362318D1FF3702100FEE758 /* ViewController.swift */,
				F362318F1FF3702100FEE758 /* Main.storyboard */,
				F36231921FF3702100FEE758 /* Assets.xcassets */,
				F36231941FF3702100FEE758 /* LaunchScreen.storyboard */,
				F36231971FF3702100FEE758 /* Info.plist */,
			);
			path = tipper;
			sourceTree = "<group>";
		};
		F362319F1FF3702200FEE758 /* tipperTests */ = {
			isa = PBXGroup;
			children = (
				F36231A01FF3702200FEE758 /* tipperTests.swift */,
				F36231A21FF3702200FEE758 /* Info.plist */,
			);
			path = tipperTests;
			sourceTree = "<group>";
		};
		F36231AA1FF3702200FEE758 /* tipperUITests */ = {
			isa = PBXGroup;
			children = (
				F36231AB1FF3702200FEE758 /* tipperUITests.swift */,
				F36231AD1FF3702200FEE758 /* Info.plist */,
			);
			path = tipperUITests;
			sourceTree = "<group>";
		};
/* End PBXGroup section */

/* Begin PBXNativeTarget section */
		F36231871FF3702100FEE758 /* tipper */ = {
			isa = PBXNativeTarget;
			buildConfigurationList = F36231B01FF3702200FEE758 /* Build configuration list for PBXNativeTarget "tipper" */;
			buildPhases = (
				F36231841FF3702100FEE758 /* Sources */,
				F36231851FF3702100FEE758 /* Frameworks */,
				F36231861FF3702100FEE758 /* Resources */,
			);
			buildRules = (
			);
			dependencies = (
			);
			name = tipper;
			productName = tipper;
			productReference = F36231881FF3702100FEE758 /* tipper.app */;
			productType = "com.apple.product-type.application";
		};
		F362319B1FF3702200FEE758 /* tipperTests */ = {
			isa = PBXNativeTarget;
			buildConfigurationList = F36231B31FF3702200FEE758 /* Build configuration list for PBXNativeTarget "tipperTests" */;
			buildPhases = (
				F36231981FF3702200FEE758 /* Sources */,
				F36231991FF3702200FEE758 /* Frameworks */,
				F362319A1FF3702200FEE758 /* Resources */,
			);
			buildRules = (
			);
			dependencies = (
				F362319E1FF3702200FEE758 /* PBXTargetDependency */,
			);
			name = tipperTests;
			productName = tipperTests;
			productReference = F362319C1FF3702200FEE758 /* tipperTests.xctest */;
			productType = "com.apple.product-type.bundle.unit-test";
		};
		F36231A61FF3702200FEE758 /* tipperUITests */ = {
			isa = PBXNativeTarget;
			buildConfigurationList = F36231B61FF3702200FEE758 /* Build configuration list for PBXNativeTarget "tipperUITests" */;
			buildPhases = (
				F36231A31FF3702200FEE758 /* Sources */,
				F36231A41FF3702200FEE758 /* Frameworks */,
				F36231A51FF3702200FEE758 /* Resources */,
			);
			buildRules = (
			);
			dependencies = (
				F36231A91FF3702200FEE758 /* PBXTargetDependency */,
			);
			name = tipperUITests;
			productName = tipperUITests;
			productReference = F36231A71FF3702200FEE758 /* tipperUITests.xctest */;
			productType = "com.apple.product-type.bundle.ui-testing";
		};
/* End PBXNativeTarget section */

/* Begin PBXProject section */
		F36231801FF3702100FEE758 /* Project object */ = {
			isa = PBXProject;
			attributes = {
				LastSwiftUpdateCheck = 0920;
				LastUpgradeCheck = 0920;
				ORGANIZATIONNAME = Sparrow;
				TargetAttributes = {
					F36231871FF3702100FEE758 = {
						CreatedOnToolsVersion = 9.2;
						ProvisioningStyle = Automatic;
					};
					F362319B1FF3702200FEE758 = {
						CreatedOnToolsVersion = 9.2;
						ProvisioningStyle = Automatic;
						TestTargetID = F36231871FF3702100FEE758;
					};
					F36231A61FF3702200FEE758 = {
						CreatedOnToolsVersion = 9.2;
						ProvisioningStyle = Automatic;
						TestTargetID = F36231871FF3702100FEE758;
					};
				};
			};
			buildConfigurationList = F36231831FF3702100FEE758 /* Build configuration list for PBXProject "tipper" */;
			compatibilityVersion = "Xcode 8.0";
			developmentRegion = en;
			hasScannedForEncodings = 0;
			knownRegions = (
				en,
				Base,
			);
			mainGroup = F362317F1FF3702100FEE758;
			productRefGroup = F36231891FF3702100FEE758 /* Products */;
			projectDirPath = "";
			projectRoot = "";
			targets = (
				F36231871FF3702100FEE758 /* tipper */,
				F362319B1FF3702200FEE758 /* tipperTests */,
				F36231A61FF3702200FEE758 /* tipperUITests */,
			);
		};
/* End PBXProject section */

/* Begin PBXResourcesBuildPhase section */
		F36231861FF3702100FEE758 /* Resources */ = {
			isa = PBXResourcesBuildPhase;
			buildActionMask = 2147483647;
			files = (
				F36231961FF3702100FEE758 /* LaunchScreen.storyboard in Resources */,
				F36231931FF3702100FEE758 /* Assets.xcassets in Resources */,
				F36231911FF3702100FEE758 /* Main.storyboard in Resources */,
			);
			runOnlyForDeploymentPostprocessing = 0;
		};
		F362319A1FF3702200FEE758 /* Resources */ = {
			isa = PBXResourcesBuildPhase;
			buildActionMask = 2147483647;
			files = (
			);
			runOnlyForDeploymentPostprocessing = 0;
		};
		F36231A51FF3702200FEE758 /* Resources */ = {
			isa = PBXResourcesBuildPhase;
			buildActionMask = 2147483647;
			files = (
			);
			runOnlyForDeploymentPostprocessing = 0;
		};
/* End PBXResourcesBuildPhase section */

/* Begin PBXSourcesBuildPhase section */
		F36231841FF3702100FEE758 /* Sources */ = {
			isa = PBXSourcesBuildPhase;
			buildActionMask = 2147483647;
			files = (
				F362318E1FF3702100FEE758 /* ViewController.swift in Sources */,
				F362318C1FF3702100FEE758 /* AppDelegate.swift in Sources */,
				F36231BA1FF3F77F00FEE758 /* SettingsViewController.swift in Sources */,
			);
			runOnlyForDeploymentPostprocessing = 0;
		};
		F36231981FF3702200FEE758 /* Sources */ = {
			isa = PBXSourcesBuildPhase;
			buildActionMask = 2147483647;
			files = (
				F36231A11FF3702200FEE758 /* tipperTests.swift in Sources */,
			);
			runOnlyForDeploymentPostprocessing = 0;
		};
		F36231A31FF3702200FEE758 /* Sources */ = {
			isa = PBXSourcesBuildPhase;
			buildActionMask = 2147483647;
			files = (
				F36231AC1FF3702200FEE758 /* tipperUITests.swift in Sources */,
			);
			runOnlyForDeploymentPostprocessing = 0;
		};
/* End PBXSourcesBuildPhase section */

/* Begin PBXTargetDependency section */
		F362319E1FF3702200FEE758 /* PBXTargetDependency */ = {
			isa = PBXTargetDependency;
			target = F36231871FF3702100FEE758 /* tipper */;
			targetProxy = F362319D1FF3702200FEE758 /* PBXContainerItemProxy */;
		};
		F36231A91FF3702200FEE758 /* PBXTargetDependency */ = {
			isa = PBXTargetDependency;
			target = F36231871FF3702100FEE758 /* tipper */;
			targetProxy = F36231A81FF3702200FEE758 /* PBXContainerItemProxy */;
		};
/* End PBXTargetDependency section */

/* Begin PBXVariantGroup section */
		F362318F1FF3702100FEE758 /* Main.storyboard */ = {
			isa = PBXVariantGroup;
			children = (
				F36231901FF3702100FEE758 /* Base */,
			);
			name = Main.storyboard;
			sourceTree = "<group>";
		};
		F36231941FF3702100FEE758 /* LaunchScreen.storyboard */ = {
			isa = PBXVariantGroup;
			children = (
				F36231951FF3702100FEE758 /* Base */,
			);
			name = LaunchScreen.storyboard;
			sourceTree = "<group>";
		};
/* End PBXVariantGroup section */

/* Begin XCBuildConfiguration section */
		F36231AE1FF3702200FEE758 /* Debug */ = {
			isa = XCBuildConfiguration;
			buildSettings = {
				ALWAYS_SEARCH_USER_PATHS = NO;
				CLANG_ANALYZER_NONNULL = YES;
				CLANG_ANALYZER_NUMBER_OBJECT_CONVERSION = YES_AGGRESSIVE;
				CLANG_CXX_LANGUAGE_STANDARD = "gnu++14";
				CLANG_CXX_LIBRARY = "libc++";
				CLANG_ENABLE_MODULES = YES;
				CLANG_ENABLE_OBJC_ARC = YES;
				CLANG_WARN_BLOCK_CAPTURE_AUTORELEASING = YES;
				CLANG_WARN_BOOL_CONVERSION = YES;
				CLANG_WARN_COMMA = YES;
				CLANG_WARN_CONSTANT_CONVERSION = YES;
				CLANG_WARN_DIRECT_OBJC_ISA_USAGE = YES_ERROR;
				CLANG_WARN_DOCUMENTATION_COMMENTS = YES;
				CLANG_WARN_EMPTY_BODY = YES;
				CLANG_WARN_ENUM_CONVERSION = YES;
				CLANG_WARN_INFINITE_RECURSION = YES;
				CLANG_WARN_INT_CONVERSION = YES;
				CLANG_WARN_NON_LITERAL_NULL_CONVERSION = YES;
				CLANG_WARN_OBJC_LITERAL_CONVERSION = YES;
				CLANG_WARN_OBJC_ROOT_CLASS = YES_ERROR;
				CLANG_WARN_RANGE_LOOP_ANALYSIS = YES;
				CLANG_WARN_STRICT_PROTOTYPES = YES;
				CLANG_WARN_SUSPICIOUS_MOVE = YES;
				CLANG_WARN_UNGUARDED_AVAILABILITY = YES_AGGRESSIVE;
				CLANG_WARN_UNREACHABLE_CODE = YES;
				CLANG_WARN__DUPLICATE_METHOD_MATCH = YES;
				CODE_SIGN_IDENTITY = "iPhone Developer";
				COPY_PHASE_STRIP = NO;
				DEBUG_INFORMATION_FORMAT = dwarf;
				ENABLE_STRICT_OBJC_MSGSEND = YES;
				ENABLE_TESTABILITY = YES;
				GCC_C_LANGUAGE_STANDARD = gnu11;
				GCC_DYNAMIC_NO_PIC = NO;
				GCC_NO_COMMON_BLOCKS = YES;
				GCC_OPTIMIZATION_LEVEL = 0;
				GCC_PREPROCESSOR_DEFINITIONS = (
					"DEBUG=1",
					"$(inherited)",
				);
				GCC_WARN_64_TO_32_BIT_CONVERSION = YES;
				GCC_WARN_ABOUT_RETURN_TYPE = YES_ERROR;
				GCC_WARN_UNDECLARED_SELECTOR = YES;
				GCC_WARN_UNINITIALIZED_AUTOS = YES_AGGRESSIVE;
				GCC_WARN_UNUSED_FUNCTION = YES;
				GCC_WARN_UNUSED_VARIABLE = YES;
				IPHONEOS_DEPLOYMENT_TARGET = 11.2;
				MTL_ENABLE_DEBUG_INFO = YES;
				ONLY_ACTIVE_ARCH = YES;
				SDKROOT = iphoneos;
				SWIFT_ACTIVE_COMPILATION_CONDITIONS = DEBUG;
				SWIFT_OPTIMIZATION_LEVEL = "-Onone";
			};
			name = Debug;
		};
		F36231AF1FF3702200FEE758 /* Release */ = {
			isa = XCBuildConfiguration;
			buildSettings = {
				ALWAYS_SEARCH_USER_PATHS = NO;
				CLANG_ANALYZER_NONNULL = YES;
				CLANG_ANALYZER_NUMBER_OBJECT_CONVERSION = YES_AGGRESSIVE;
				CLANG_CXX_LANGUAGE_STANDARD = "gnu++14";
				CLANG_CXX_LIBRARY = "libc++";
				CLANG_ENABLE_MODULES = YES;
				CLANG_ENABLE_OBJC_ARC = YES;
				CLANG_WARN_BLOCK_CAPTURE_AUTORELEASING = YES;
				CLANG_WARN_BOOL_CONVERSION = YES;
				CLANG_WARN_COMMA = YES;
				CLANG_WARN_CONSTANT_CONVERSION = YES;
				CLANG_WARN_DIRECT_OBJC_ISA_USAGE = YES_ERROR;
				CLANG_WARN_DOCUMENTATION_COMMENTS = YES;
				CLANG_WARN_EMPTY_BODY = YES;
				CLANG_WARN_ENUM_CONVERSION = YES;
				CLANG_WARN_INFINITE_RECURSION = YES;
				CLANG_WARN_INT_CONVERSION = YES;
				CLANG_WARN_NON_LITERAL_NULL_CONVERSION = YES;
				CLANG_WARN_OBJC_LITERAL_CONVERSION = YES;
				CLANG_WARN_OBJC_ROOT_CLASS = YES_ERROR;
				CLANG_WARN_RANGE_LOOP_ANALYSIS = YES;
				CLANG_WARN_STRICT_PROTOTYPES = YES;
				CLANG_WARN_SUSPICIOUS_MOVE = YES;
				CLANG_WARN_UNGUARDED_AVAILABILITY = YES_AGGRESSIVE;
				CLANG_WARN_UNREACHABLE_CODE = YES;
				CLANG_WARN__DUPLICATE_METHOD_MATCH = YES;
				CODE_SIGN_IDENTITY = "iPhone Developer";
				COPY_PHASE_STRIP = NO;
				DEBUG_INFORMATION_FORMAT = "dwarf-with-dsym";
				ENABLE_NS_ASSERTIONS = NO;
				ENABLE_STRICT_OBJC_MSGSEND = YES;
				GCC_C_LANGUAGE_STANDARD = gnu11;
				GCC_NO_COMMON_BLOCKS = YES;
				GCC_WARN_64_TO_32_BIT_CONVERSION = YES;
				GCC_WARN_ABOUT_RETURN_TYPE = YES_ERROR;
				GCC_WARN_UNDECLARED_SELECTOR = YES;
				GCC_WARN_UNINITIALIZED_AUTOS = YES_AGGRESSIVE;
				GCC_WARN_UNUSED_FUNCTION = YES;
				GCC_WARN_UNUSED_VARIABLE = YES;
				IPHONEOS_DEPLOYMENT_TARGET = 11.2;
				MTL_ENABLE_DEBUG_INFO = NO;
				SDKROOT = iphoneos;
				SWIFT_OPTIMIZATION_LEVEL = "-Owholemodule";
				VALIDATE_PRODUCT = YES;
			};
			name = Release;
		};
		F36231B11FF3702200FEE758 /* Debug */ = {
			isa = XCBuildConfiguration;
			buildSettings = {
				ASSETCATALOG_COMPILER_APPICON_NAME = AppIcon;
				CODE_SIGN_STYLE = Automatic;
				INFOPLIST_FILE = tipper/Info.plist;
				LD_RUNPATH_SEARCH_PATHS = "$(inherited) @executable_path/Frameworks";
				PRODUCT_BUNDLE_IDENTIFIER = com.codepath.tipper;
				PRODUCT_NAME = "$(TARGET_NAME)";
				SWIFT_VERSION = 4.0;
				TARGETED_DEVICE_FAMILY = "1,2";
			};
			name = Debug;
		};
		F36231B21FF3702200FEE758 /* Release */ = {
			isa = XCBuildConfiguration;
			buildSettings = {
				ASSETCATALOG_COMPILER_APPICON_NAME = AppIcon;
				CODE_SIGN_STYLE = Automatic;
				INFOPLIST_FILE = tipper/Info.plist;
				LD_RUNPATH_SEARCH_PATHS = "$(inherited) @executable_path/Frameworks";
				PRODUCT_BUNDLE_IDENTIFIER = com.codepath.tipper;
				PRODUCT_NAME = "$(TARGET_NAME)";
				SWIFT_VERSION = 4.0;
				TARGETED_DEVICE_FAMILY = "1,2";
			};
			name = Release;
		};
		F36231B41FF3702200FEE758 /* Debug */ = {
			isa = XCBuildConfiguration;
			buildSettings = {
				ALWAYS_EMBED_SWIFT_STANDARD_LIBRARIES = YES;
				BUNDLE_LOADER = "$(TEST_HOST)";
				CODE_SIGN_STYLE = Automatic;
				INFOPLIST_FILE = tipperTests/Info.plist;
				LD_RUNPATH_SEARCH_PATHS = "$(inherited) @executable_path/Frameworks @loader_path/Frameworks";
				PRODUCT_BUNDLE_IDENTIFIER = com.codepath.tipperTests;
				PRODUCT_NAME = "$(TARGET_NAME)";
				SWIFT_VERSION = 4.0;
				TARGETED_DEVICE_FAMILY = "1,2";
				TEST_HOST = "$(BUILT_PRODUCTS_DIR)/tipper.app/tipper";
			};
			name = Debug;
		};
		F36231B51FF3702200FEE758 /* Release */ = {
			isa = XCBuildConfiguration;
			buildSettings = {
				ALWAYS_EMBED_SWIFT_STANDARD_LIBRARIES = YES;
				BUNDLE_LOADER = "$(TEST_HOST)";
				CODE_SIGN_STYLE = Automatic;
				INFOPLIST_FILE = tipperTests/Info.plist;
				LD_RUNPATH_SEARCH_PATHS = "$(inherited) @executable_path/Frameworks @loader_path/Frameworks";
				PRODUCT_BUNDLE_IDENTIFIER = com.codepath.tipperTests;
				PRODUCT_NAME = "$(TARGET_NAME)";
				SWIFT_VERSION = 4.0;
				TARGETED_DEVICE_FAMILY = "1,2";
				TEST_HOST = "$(BUILT_PRODUCTS_DIR)/tipper.app/tipper";
			};
			name = Release;
		};
		F36231B71FF3702200FEE758 /* Debug */ = {
			isa = XCBuildConfiguration;
			buildSettings = {
				ALWAYS_EMBED_SWIFT_STANDARD_LIBRARIES = YES;
				CODE_SIGN_STYLE = Automatic;
				INFOPLIST_FILE = tipperUITests/Info.plist;
				LD_RUNPATH_SEARCH_PATHS = "$(inherited) @executable_path/Frameworks @loader_path/Frameworks";
				PRODUCT_BUNDLE_IDENTIFIER = com.codepath.tipperUITests;
				PRODUCT_NAME = "$(TARGET_NAME)";
				SWIFT_VERSION = 4.0;
				TARGETED_DEVICE_FAMILY = "1,2";
				TEST_TARGET_NAME = tipper;
			};
			name = Debug;
		};
		F36231B81FF3702200FEE758 /* Release */ = {
			isa = XCBuildConfiguration;
			buildSettings = {
				ALWAYS_EMBED_SWIFT_STANDARD_LIBRARIES = YES;
				CODE_SIGN_STYLE = Automatic;
				INFOPLIST_FILE = tipperUITests/Info.plist;
				LD_RUNPATH_SEARCH_PATHS = "$(inherited) @executable_path/Frameworks @loader_path/Frameworks";
				PRODUCT_BUNDLE_IDENTIFIER = com.codepath.tipperUITests;
				PRODUCT_NAME = "$(TARGET_NAME)";
				SWIFT_VERSION = 4.0;
				TARGETED_DEVICE_FAMILY = "1,2";
				TEST_TARGET_NAME = tipper;
			};
			name = Release;
		};
/* End XCBuildConfiguration section */

/* Begin XCConfigurationList section */
		F36231831FF3702100FEE758 /* Build configuration list for PBXProject "tipper" */ = {
			isa = XCConfigurationList;
			buildConfigurations = (
				F36231AE1FF3702200FEE758 /* Debug */,
				F36231AF1FF3702200FEE758 /* Release */,
			);
			defaultConfigurationIsVisible = 0;
			defaultConfigurationName = Release;
		};
		F36231B01FF3702200FEE758 /* Build configuration list for PBXNativeTarget "tipper" */ = {
			isa = XCConfigurationList;
			buildConfigurations = (
				F36231B11FF3702200FEE758 /* Debug */,
				F36231B21FF3702200FEE758 /* Release */,
			);
			defaultConfigurationIsVisible = 0;
			defaultConfigurationName = Release;
		};
		F36231B31FF3702200FEE758 /* Build configuration list for PBXNativeTarget "tipperTests" */ = {
			isa = XCConfigurationList;
			buildConfigurations = (
				F36231B41FF3702200FEE758 /* Debug */,
				F36231B51FF3702200FEE758 /* Release */,
			);
			defaultConfigurationIsVisible = 0;
			defaultConfigurationName = Release;
		};
		F36231B61FF3702200FEE758 /* Build configuration list for PBXNativeTarget "tipperUITests" */ = {
			isa = XCConfigurationList;
			buildConfigurations = (
				F36231B71FF3702200FEE758 /* Debug */,
				F36231B81FF3702200FEE758 /* Release */,
			);
			defaultConfigurationIsVisible = 0;
			defaultConfigurationName = Release;
		};
/* End XCConfigurationList section */
	};
	rootObject = F36231801FF3702100FEE758 /* Project object */;
}
